{
  "nodes": {
    "click": {
      "inputs": {
        "flake-lib": [
          "flake-lib"
        ],
        "flake-utils": [
          "flake-utils"
        ],
        "nixpkgs": [
          "nixpkgs"
        ]
      },
      "locked": {
        "lastModified": 1788260589,
        "narHash": "sha256-GxO72Jo1xoBQfYhNGAY1dY9nG3N4pbNVap+COaJRCHE=",
        "owner": "jgus",
        "repo": "click-flake",
        "rev": "411bc7f8c02a99e63604ef0ead0e040f2a0c65e6",
        "type": "github"
      },
      "original": {
        "owner": "jgus",
        "repo": "click-flake",
        "type": "github"
      }
    },
    "flake-lib": {
      "inputs": {
        "flake-utils": [
          "flake-utils"
        ],
        "nixpkgs": [
          "nixpkgs"
        ]
      },
      "locked": {
        "lastModified": 1788198837,
        "narHash": "sha256-/esUnRsgT7OHNnIp9i25DqRC0PU4DYCjKMVF9hObKOw=",
        "owner": "jgus",
        "repo": "flake-lib",
        "rev": "efa5732408252073f0f5ed9f06c5d3765e62c3b7",
        "type": "github"
      },
      "original": {
        "owner": "jgus",
        "ref": "v1",
        "repo": "flake-lib",
        "type": "github"
      }
    },
    "flake-utils": {
      "inputs": {
        "systems": "systems"
      },
      "locked": {
        "lastModified": 1731533236,
        "narHash": "sha256-l0KFg5HjrsfsO/JpG+r7fRrqm12kzFHyUHqHCVpMMbI=",
        "owner": "numtide",
        "repo": "flake-utils",
        "rev": "11707dc2f618dd54ca8739b309ec4fc024de578b",
        "type": "github"
      },
      "original": {
        "owner": "numtide",
        "repo": "flake-utils",
        "type": "github"
      }
    },
    "hf-xet": {
      "inputs": {
        "flake-lib": [
          "flake-lib"
        ],
        "flake-utils": [
          "flake-utils"
        ],
        "nixpkgs": [
          "nixpkgs"
        ]
      },
      "locked": {
        "lastModified": 1788262008,
        "narHash": "sha256-g4kTn5NaGI12muDB5H/DJfBOl0Nmx7gFEQxyB9PM+gM=",
        "owner": "jgus",
        "repo": "hf-xet-flake",
        "rev": "10c2e9cd480872f95259f9483404517baeb55d80",
        "type": "github"
      },
      "original": {
        "owner": "jgus",
        "repo": "hf-xet-flake",
        "type": "github"
      }
    },
    "nixpkgs": {
      "locked": {
        "lastModified": 1787964612,
        "narHash": "sha256-0N9nghg3nwzX6b6qc77EzjR9cu/Z+UR66FlfsCqiURs=",
        "owner": "NixOS",
        "repo": "nixpkgs",
        "rev": "e8be7818e19ada32105a8af937a6a473b38167ca",
        "type": "github"
      },
      "original": {
        "owner": "NixOS",
        "ref": "nixpkgs-unstable",
        "repo": "nixpkgs",
        "type": "github"
      }
    },
    "root": {
      "inputs": {
        "click": "click",
        "flake-lib": "flake-lib",
        "flake-utils": "flake-utils",
        "hf-xet": "hf-xet",
        "nixpkgs": "nixpkgs"
      }
    },
    "systems": {
      "locked": {
        "lastModified": 1681028828,
        "narHash": "sha256-Vy1rq5AaRuLzOxct8nz4T6wlgyUR7zLU309k9mBC768=",
        "owner": "nix-systems",
        "repo": "default",
        "rev": "da67096a3b9bf56a91d16901293e51ba5b49a27e",
        "type": "github"
      },
      "original": {
        "owner": "nix-systems",
        "repo": "default",
        "type": "github"
      }
    }
  },
  "root": "root",
  "version": 7
}
